
Microsoft Visual Studio Solution File, Format Version 12.00
# Visual Studio Version 17
VisualStudioVersion = 17.14.36414.22 d17.14
MinimumVisualStudioVersion = 10.0.40219.1
Project("{FAE04EC0-301F-11D3-BF4B-00C04F79EFBC}") = "Pregunta1", "Laboratorio1\Pregunta1.csproj", "{B71450DB-4D15-41CD-BBB3-E8FD02910445}"
EndProject
Project("{FAE04EC0-301F-11D3-BF4B-00C04F79EFBC}") = "Pregunta2", "Pregunta2\Pregunta2.csproj", "{F280C9C6-B3AE-4BB2-9EB7-82F05C1327E9}"
EndProject
Project("{FAE04EC0-301F-11D3-BF4B-00C04F79EFBC}") = "Pregunta3", "Pregunta3\Pregunta3.csproj", "{C9D1EB9B-0FC6-4185-9519-4257E8552B2F}"
EndProject
Global
	GlobalSection(SolutionConfigurationPlatforms) = preSolution
		Debug|Any CPU = Debug|Any CPU
		Release|Any CPU = Release|Any CPU
	EndGlobalSection
	GlobalSection(ProjectConfigurationPlatforms) = postSolution
		{B71450DB-4D15-41CD-BBB3-E8FD02910445}.Debug|Any CPU.ActiveCfg = Debug|Any CPU
		{B71450DB-4D15-41CD-BBB3-E8FD02910445}.Debug|Any CPU.Build.0 = Debug|Any CPU
		{B71450DB-4D15-41CD-BBB3-E8FD02910445}.Release|Any CPU.ActiveCfg = Release|Any CPU
		{B71450DB-4D15-41CD-BBB3-E8FD02910445}.Release|Any CPU.Build.0 = Release|Any CPU
		{F280C9C6-B3AE-4BB2-9EB7-82F05C1327E9}.Debug|Any CPU.ActiveCfg = Debug|Any CPU
		{F280C9C6-B3AE-4BB2-9EB7-82F05C1327E9}.Debug|Any CPU.Build.0 = Debug|Any CPU
		{F280C9C6-B3AE-4BB2-9EB7-82F05C1327E9}.Release|Any CPU.ActiveCfg = Release|Any CPU
		{F280C9C6-B3AE-4BB2-9EB7-82F05C1327E9}.Release|Any CPU.Build.0 = Release|Any CPU
		{C9D1EB9B-0FC6-4185-9519-4257E8552B2F}.Debug|Any CPU.ActiveCfg = Debug|Any CPU
		{C9D1EB9B-0FC6-4185-9519-4257E8552B2F}.Debug|Any CPU.Build.0 = Debug|Any CPU
		{C9D1EB9B-0FC6-4185-9519-4257E8552B2F}.Release|Any CPU.ActiveCfg = Release|Any CPU
		{C9D1EB9B-0FC6-4185-9519-4257E8552B2F}.Release|Any CPU.Build.0 = Release|Any CPU
	EndGlobalSection
	GlobalSection(SolutionProperties) = preSolution
		HideSolutionNode = FALSE
	EndGlobalSection
	GlobalSection(ExtensibilityGlobals) = postSolution
		SolutionGuid = {843C3A72-DBFE-4E01-B800-EE4A77A6B9B1}
	EndGlobalSection
EndGlobal
