
Microsoft Visual Studio Solution File, Format Version 12.00
# Visual Studio Version 17
VisualStudioVersion = 17.14.36518.9
MinimumVisualStudioVersion = 10.0.40219.1
Project("{FAE04EC0-301F-11D3-BF4B-00C04F79EFBC}") = "BencheleDBManager", "BencheleDBManager\BencheleDBManager.csproj", "{095113FF-8B05-45EC-9B99-1CA54270A176}"
EndProject
Project("{FAE04EC0-301F-11D3-BF4B-00C04F79EFBC}") = "BencheleTest", "BencheleTest\BencheleTest.csproj", "{4078DEAF-A211-42BD-8907-DA5BBD8A1532}"
EndProject
Project("{FAE04EC0-301F-11D3-BF4B-00C04F79EFBC}") = "BencheleModel", "BencheleModel\BencheleModel.csproj", "{D1E5547A-B629-4BEC-B786-71C66AC7DFDC}"
EndProject
Project("{FAE04EC0-301F-11D3-BF4B-00C04F79EFBC}") = "BenchelePersistance", "BenchelePersistance\BenchelePersistance.csproj", "{7DC86F8E-38DF-4155-A2E3-8E40599827EE}"
EndProject
Project("{FAE04EC0-301F-11D3-BF4B-00C04F79EFBC}") = "BencheleBusiness", "BencheleBusiness\BencheleBusiness.csproj", "{F3C964A6-F620-4BBA-879E-0012F1B40878}"
EndProject
Global
	GlobalSection(SolutionConfigurationPlatforms) = preSolution
		Debug|Any CPU = Debug|Any CPU
		Release|Any CPU = Release|Any CPU
	EndGlobalSection
	GlobalSection(ProjectConfigurationPlatforms) = postSolution
		{095113FF-8B05-45EC-9B99-1CA54270A176}.Debug|Any CPU.ActiveCfg = Debug|Any CPU
		{095113FF-8B05-45EC-9B99-1CA54270A176}.Debug|Any CPU.Build.0 = Debug|Any CPU
		{095113FF-8B05-45EC-9B99-1CA54270A176}.Release|Any CPU.ActiveCfg = Release|Any CPU
		{095113FF-8B05-45EC-9B99-1CA54270A176}.Release|Any CPU.Build.0 = Release|Any CPU
		{4078DEAF-A211-42BD-8907-DA5BBD8A1532}.Debug|Any CPU.ActiveCfg = Debug|Any CPU
		{4078DEAF-A211-42BD-8907-DA5BBD8A1532}.Debug|Any CPU.Build.0 = Debug|Any CPU
		{4078DEAF-A211-42BD-8907-DA5BBD8A1532}.Release|Any CPU.ActiveCfg = Release|Any CPU
		{4078DEAF-A211-42BD-8907-DA5BBD8A1532}.Release|Any CPU.Build.0 = Release|Any CPU
		{D1E5547A-B629-4BEC-B786-71C66AC7DFDC}.Debug|Any CPU.ActiveCfg = Debug|Any CPU
		{D1E5547A-B629-4BEC-B786-71C66AC7DFDC}.Debug|Any CPU.Build.0 = Debug|Any CPU
		{D1E5547A-B629-4BEC-B786-71C66AC7DFDC}.Release|Any CPU.ActiveCfg = Release|Any CPU
		{D1E5547A-B629-4BEC-B786-71C66AC7DFDC}.Release|Any CPU.Build.0 = Release|Any CPU
		{7DC86F8E-38DF-4155-A2E3-8E40599827EE}.Debug|Any CPU.ActiveCfg = Debug|Any CPU
		{7DC86F8E-38DF-4155-A2E3-8E40599827EE}.Debug|Any CPU.Build.0 = Debug|Any CPU
		{7DC86F8E-38DF-4155-A2E3-8E40599827EE}.Release|Any CPU.ActiveCfg = Release|Any CPU
		{7DC86F8E-38DF-4155-A2E3-8E40599827EE}.Release|Any CPU.Build.0 = Release|Any CPU
		{F3C964A6-F620-4BBA-879E-0012F1B40878}.Debug|Any CPU.ActiveCfg = Debug|Any CPU
		{F3C964A6-F620-4BBA-879E-0012F1B40878}.Debug|Any CPU.Build.0 = Debug|Any CPU
		{F3C964A6-F620-4BBA-879E-0012F1B40878}.Release|Any CPU.ActiveCfg = Release|Any CPU
		{F3C964A6-F620-4BBA-879E-0012F1B40878}.Release|Any CPU.Build.0 = Release|Any CPU
	EndGlobalSection
	GlobalSection(SolutionProperties) = preSolution
		HideSolutionNode = FALSE
	EndGlobalSection
	GlobalSection(ExtensibilityGlobals) = postSolution
		SolutionGuid = {442354EB-D0BB-49F5-B007-ABD16301E514}
	EndGlobalSection
EndGlobal
